
Microsoft Visual Studio Solution File, Format Version 12.00
# Visual Studio Version 17
VisualStudioVersion = 17.5.002.0
MinimumVisualStudioVersion = 10.0.40219.1
Project("{9A19103F-16F7-4668-BE54-9A1E7A4F7556}") = "API", "API.csproj", "{70531905-BF1D-4A09-AE5C-B28B1B20EA37}"
EndProject
Global
	GlobalSection(SolutionConfigurationPlatforms) = preSolution
		Debug|Any CPU = Debug|Any CPU
		Release|Any CPU = Release|Any CPU
	EndGlobalSection
	GlobalSection(ProjectConfigurationPlatforms) = postSolution
		{70531905-BF1D-4A09-AE5C-B28B1B20EA37}.Debug|Any CPU.ActiveCfg = Debug|Any CPU
		{70531905-BF1D-4A09-AE5C-B28B1B20EA37}.Debug|Any CPU.Build.0 = Debug|Any CPU
		{70531905-BF1D-4A09-AE5C-B28B1B20EA37}.Release|Any CPU.ActiveCfg = Release|Any CPU
		{70531905-BF1D-4A09-AE5C-B28B1B20EA37}.Release|Any CPU.Build.0 = Release|Any CPU
	EndGlobalSection
	GlobalSection(SolutionProperties) = preSolution
		HideSolutionNode = FALSE
	EndGlobalSection
	GlobalSection(ExtensibilityGlobals) = postSolution
		SolutionGuid = {818E5F03-65B3-4E89-8196-3C2A6587DCD9}
	EndGlobalSection
EndGlobal
